
Microsoft Visual Studio Solution File, Format Version 12.00
# Visual Studio Version 17
VisualStudioVersion = 17.0.31903.59
MinimumVisualStudioVersion = 10.0.40219.1
Project("{2150E333-8FDC-42A3-9474-1A3956D46DE8}") = "cache-strategies", "cache-strategies", "{EA4CE47E-F59D-42CF-BCB7-C4689A8456F6}"
EndProject
Project("{2150E333-8FDC-42A3-9474-1A3956D46DE8}") = "shared", "shared", "{A04527F6-1C2B-4EA6-8FA1-C46B3860839F}"
EndProject
Project("{2150E333-8FDC-42A3-9474-1A3956D46DE8}") = "services", "services", "{8618DF56-1042-4EA8-AF93-A69C3E7D3412}"
EndProject
Project("{FAE04EC0-301F-11D3-BF4B-00C04F79EFBC}") = "LeaderBoard.ReadThrough", "src\Server\CacheStrategies\LeaderBoard.ReadThrough\LeaderBoard.ReadThrough.csproj", "{9E8B02F0-C49B-49D4-8918-47A1DE58F10D}"
EndProject
Project("{FAE04EC0-301F-11D3-BF4B-00C04F79EFBC}") = "LeaderBoard.WriteBehind", "src\Server\CacheStrategies\LeaderBoard.WriteBehind\LeaderBoard.WriteBehind.csproj", "{03218712-187E-4554-9DD5-5DF2402EF233}"
EndProject
Project("{FAE04EC0-301F-11D3-BF4B-00C04F79EFBC}") = "LeaderBoard.WriteThrough", "src\Server\CacheStrategies\LeaderBoard.WriteThrough\LeaderBoard.WriteThrough.csproj", "{04476E17-7C15-4C78-BA35-FADDF53432CF}"
EndProject
Project("{FAE04EC0-301F-11D3-BF4B-00C04F79EFBC}") = "LeaderBoard.GameEventsProcessor", "src\Server\Services\LeaderBoard.GameEventsProcessor\LeaderBoard.GameEventsProcessor.csproj", "{DBEB96BE-EC87-4D2B-9BE8-E81D0E27F5D5}"
EndProject
Project("{FAE04EC0-301F-11D3-BF4B-00C04F79EFBC}") = "LeaderBoard.GameEventsSource", "src\Server\Services\LeaderBoard.GameEventsSource\LeaderBoard.GameEventsSource.csproj", "{46B54634-665B-49B0-9552-0B94871411EC}"
EndProject
Project("{FAE04EC0-301F-11D3-BF4B-00C04F79EFBC}") = "LeaderBoard.SignalR", "src\Server\Services\LeaderBoard.SignalR\LeaderBoard.SignalR.csproj", "{B500A768-C65A-4201-8C63-409D35DD1B3F}"
EndProject
Project("{FAE04EC0-301F-11D3-BF4B-00C04F79EFBC}") = "LeaderBoard.SharedKernel", "src\Server\Shared\LeaderBoard.SharedKernel\LeaderBoard.SharedKernel.csproj", "{A4372617-15C0-4B02-92DE-4E0004D33907}"
EndProject
Project("{FAE04EC0-301F-11D3-BF4B-00C04F79EFBC}") = "LeaderBoard.DbMigrator", "src\Server\Shared\LeaderBoard.DbMigrator\LeaderBoard.DbMigrator.csproj", "{FC5D662F-9845-48D1-AA0C-502B74E53459}"
EndProject
Global
	GlobalSection(SolutionConfigurationPlatforms) = preSolution
		Debug|Any CPU = Debug|Any CPU
		Release|Any CPU = Release|Any CPU
	EndGlobalSection
	GlobalSection(SolutionProperties) = preSolution
		HideSolutionNode = FALSE
	EndGlobalSection
	GlobalSection(ProjectConfigurationPlatforms) = postSolution
		{9E8B02F0-C49B-49D4-8918-47A1DE58F10D}.Debug|Any CPU.ActiveCfg = Debug|Any CPU
		{9E8B02F0-C49B-49D4-8918-47A1DE58F10D}.Debug|Any CPU.Build.0 = Debug|Any CPU
		{9E8B02F0-C49B-49D4-8918-47A1DE58F10D}.Release|Any CPU.ActiveCfg = Release|Any CPU
		{9E8B02F0-C49B-49D4-8918-47A1DE58F10D}.Release|Any CPU.Build.0 = Release|Any CPU
		{03218712-187E-4554-9DD5-5DF2402EF233}.Debug|Any CPU.ActiveCfg = Debug|Any CPU
		{03218712-187E-4554-9DD5-5DF2402EF233}.Debug|Any CPU.Build.0 = Debug|Any CPU
		{03218712-187E-4554-9DD5-5DF2402EF233}.Release|Any CPU.ActiveCfg = Release|Any CPU
		{03218712-187E-4554-9DD5-5DF2402EF233}.Release|Any CPU.Build.0 = Release|Any CPU
		{04476E17-7C15-4C78-BA35-FADDF53432CF}.Debug|Any CPU.ActiveCfg = Debug|Any CPU
		{04476E17-7C15-4C78-BA35-FADDF53432CF}.Debug|Any CPU.Build.0 = Debug|Any CPU
		{04476E17-7C15-4C78-BA35-FADDF53432CF}.Release|Any CPU.ActiveCfg = Release|Any CPU
		{04476E17-7C15-4C78-BA35-FADDF53432CF}.Release|Any CPU.Build.0 = Release|Any CPU
		{DBEB96BE-EC87-4D2B-9BE8-E81D0E27F5D5}.Debug|Any CPU.ActiveCfg = Debug|Any CPU
		{DBEB96BE-EC87-4D2B-9BE8-E81D0E27F5D5}.Debug|Any CPU.Build.0 = Debug|Any CPU
		{DBEB96BE-EC87-4D2B-9BE8-E81D0E27F5D5}.Release|Any CPU.ActiveCfg = Release|Any CPU
		{DBEB96BE-EC87-4D2B-9BE8-E81D0E27F5D5}.Release|Any CPU.Build.0 = Release|Any CPU
		{46B54634-665B-49B0-9552-0B94871411EC}.Debug|Any CPU.ActiveCfg = Debug|Any CPU
		{46B54634-665B-49B0-9552-0B94871411EC}.Debug|Any CPU.Build.0 = Debug|Any CPU
		{46B54634-665B-49B0-9552-0B94871411EC}.Release|Any CPU.ActiveCfg = Release|Any CPU
		{46B54634-665B-49B0-9552-0B94871411EC}.Release|Any CPU.Build.0 = Release|Any CPU
		{B500A768-C65A-4201-8C63-409D35DD1B3F}.Debug|Any CPU.ActiveCfg = Debug|Any CPU
		{B500A768-C65A-4201-8C63-409D35DD1B3F}.Debug|Any CPU.Build.0 = Debug|Any CPU
		{B500A768-C65A-4201-8C63-409D35DD1B3F}.Release|Any CPU.ActiveCfg = Release|Any CPU
		{B500A768-C65A-4201-8C63-409D35DD1B3F}.Release|Any CPU.Build.0 = Release|Any CPU
		{A4372617-15C0-4B02-92DE-4E0004D33907}.Debug|Any CPU.ActiveCfg = Debug|Any CPU
		{A4372617-15C0-4B02-92DE-4E0004D33907}.Debug|Any CPU.Build.0 = Debug|Any CPU
		{A4372617-15C0-4B02-92DE-4E0004D33907}.Release|Any CPU.ActiveCfg = Release|Any CPU
		{A4372617-15C0-4B02-92DE-4E0004D33907}.Release|Any CPU.Build.0 = Release|Any CPU
		{FC5D662F-9845-48D1-AA0C-502B74E53459}.Debug|Any CPU.ActiveCfg = Debug|Any CPU
		{FC5D662F-9845-48D1-AA0C-502B74E53459}.Debug|Any CPU.Build.0 = Debug|Any CPU
		{FC5D662F-9845-48D1-AA0C-502B74E53459}.Release|Any CPU.ActiveCfg = Release|Any CPU
		{FC5D662F-9845-48D1-AA0C-502B74E53459}.Release|Any CPU.Build.0 = Release|Any CPU
	EndGlobalSection
	GlobalSection(NestedProjects) = preSolution
		{9E8B02F0-C49B-49D4-8918-47A1DE58F10D} = {EA4CE47E-F59D-42CF-BCB7-C4689A8456F6}
		{03218712-187E-4554-9DD5-5DF2402EF233} = {EA4CE47E-F59D-42CF-BCB7-C4689A8456F6}
		{04476E17-7C15-4C78-BA35-FADDF53432CF} = {EA4CE47E-F59D-42CF-BCB7-C4689A8456F6}
		{DBEB96BE-EC87-4D2B-9BE8-E81D0E27F5D5} = {8618DF56-1042-4EA8-AF93-A69C3E7D3412}
		{46B54634-665B-49B0-9552-0B94871411EC} = {8618DF56-1042-4EA8-AF93-A69C3E7D3412}
		{B500A768-C65A-4201-8C63-409D35DD1B3F} = {8618DF56-1042-4EA8-AF93-A69C3E7D3412}
		{A4372617-15C0-4B02-92DE-4E0004D33907} = {A04527F6-1C2B-4EA6-8FA1-C46B3860839F}
		{FC5D662F-9845-48D1-AA0C-502B74E53459} = {A04527F6-1C2B-4EA6-8FA1-C46B3860839F}
	EndGlobalSection
EndGlobal
